
Microsoft Visual Studio Solution File, Format Version 12.00
# Visual Studio Version 16
VisualStudioVersion = 16.0.28902.138
MinimumVisualStudioVersion = 10.0.40219.1
Project("{FAE04EC0-301F-11D3-BF4B-00C04F79EFBC}") = "SmartRecord.Android", "SmartRecord\SmartRecord.Android\SmartRecord.Android.csproj", "{5E2930DA-32BA-417F-99CD-B1534686F62B}"
EndProject
Project("{FAE04EC0-301F-11D3-BF4B-00C04F79EFBC}") = "SmartRecord.iOS", "SmartRecord\SmartRecord.iOS\SmartRecord.iOS.csproj", "{7D272264-D62E-4A9E-9D9E-74103E0BCAE0}"
EndProject
Project("{FAE04EC0-301F-11D3-BF4B-00C04F79EFBC}") = "SmartRecord", "SmartRecord\SmartRecord\SmartRecord.csproj", "{603D0E19-4E08-43CE-8518-8B2F6009D821}"
EndProject
Global
	GlobalSection(SolutionConfigurationPlatforms) = preSolution
		Debug|Any CPU = Debug|Any CPU
		Debug|iPhone = Debug|iPhone
		Debug|iPhoneSimulator = Debug|iPhoneSimulator
		Release|Any CPU = Release|Any CPU
		Release|iPhone = Release|iPhone
		Release|iPhoneSimulator = Release|iPhoneSimulator
	EndGlobalSection
	GlobalSection(ProjectConfigurationPlatforms) = postSolution
		{5E2930DA-32BA-417F-99CD-B1534686F62B}.Debug|Any CPU.ActiveCfg = Debug|Any CPU
		{5E2930DA-32BA-417F-99CD-B1534686F62B}.Debug|Any CPU.Build.0 = Debug|Any CPU
		{5E2930DA-32BA-417F-99CD-B1534686F62B}.Debug|Any CPU.Deploy.0 = Debug|Any CPU
		{5E2930DA-32BA-417F-99CD-B1534686F62B}.Debug|iPhone.ActiveCfg = Debug|Any CPU
		{5E2930DA-32BA-417F-99CD-B1534686F62B}.Debug|iPhone.Build.0 = Debug|Any CPU
		{5E2930DA-32BA-417F-99CD-B1534686F62B}.Debug|iPhone.Deploy.0 = Debug|Any CPU
		{5E2930DA-32BA-417F-99CD-B1534686F62B}.Debug|iPhoneSimulator.ActiveCfg = Debug|Any CPU
		{5E2930DA-32BA-417F-99CD-B1534686F62B}.Debug|iPhoneSimulator.Build.0 = Debug|Any CPU
		{5E2930DA-32BA-417F-99CD-B1534686F62B}.Debug|iPhoneSimulator.Deploy.0 = Debug|Any CPU
		{5E2930DA-32BA-417F-99CD-B1534686F62B}.Release|Any CPU.ActiveCfg = Release|Any CPU
		{5E2930DA-32BA-417F-99CD-B1534686F62B}.Release|Any CPU.Build.0 = Release|Any CPU
		{5E2930DA-32BA-417F-99CD-B1534686F62B}.Release|Any CPU.Deploy.0 = Release|Any CPU
		{5E2930DA-32BA-417F-99CD-B1534686F62B}.Release|iPhone.ActiveCfg = Release|Any CPU
		{5E2930DA-32BA-417F-99CD-B1534686F62B}.Release|iPhone.Build.0 = Release|Any CPU
		{5E2930DA-32BA-417F-99CD-B1534686F62B}.Release|iPhone.Deploy.0 = Release|Any CPU
		{5E2930DA-32BA-417F-99CD-B1534686F62B}.Release|iPhoneSimulator.ActiveCfg = Release|Any CPU
		{5E2930DA-32BA-417F-99CD-B1534686F62B}.Release|iPhoneSimulator.Build.0 = Release|Any CPU
		{5E2930DA-32BA-417F-99CD-B1534686F62B}.Release|iPhoneSimulator.Deploy.0 = Release|Any CPU
		{7D272264-D62E-4A9E-9D9E-74103E0BCAE0}.Debug|Any CPU.ActiveCfg = Debug|iPhoneSimulator
		{7D272264-D62E-4A9E-9D9E-74103E0BCAE0}.Debug|Any CPU.Build.0 = Debug|iPhoneSimulator
		{7D272264-D62E-4A9E-9D9E-74103E0BCAE0}.Debug|Any CPU.Deploy.0 = Debug|iPhoneSimulator
		{7D272264-D62E-4A9E-9D9E-74103E0BCAE0}.Debug|iPhone.ActiveCfg = Debug|iPhone
		{7D272264-D62E-4A9E-9D9E-74103E0BCAE0}.Debug|iPhone.Build.0 = Debug|iPhone
		{7D272264-D62E-4A9E-9D9E-74103E0BCAE0}.Debug|iPhone.Deploy.0 = Debug|iPhone
		{7D272264-D62E-4A9E-9D9E-74103E0BCAE0}.Debug|iPhoneSimulator.ActiveCfg = Debug|iPhoneSimulator
		{7D272264-D62E-4A9E-9D9E-74103E0BCAE0}.Debug|iPhoneSimulator.Build.0 = Debug|iPhoneSimulator
		{7D272264-D62E-4A9E-9D9E-74103E0BCAE0}.Debug|iPhoneSimulator.Deploy.0 = Debug|iPhoneSimulator
		{7D272264-D62E-4A9E-9D9E-74103E0BCAE0}.Release|Any CPU.ActiveCfg = Release|iPhone
		{7D272264-D62E-4A9E-9D9E-74103E0BCAE0}.Release|Any CPU.Build.0 = Release|iPhone
		{7D272264-D62E-4A9E-9D9E-74103E0BCAE0}.Release|Any CPU.Deploy.0 = Release|iPhone
		{7D272264-D62E-4A9E-9D9E-74103E0BCAE0}.Release|iPhone.ActiveCfg = Release|iPhone
		{7D272264-D62E-4A9E-9D9E-74103E0BCAE0}.Release|iPhone.Build.0 = Release|iPhone
		{7D272264-D62E-4A9E-9D9E-74103E0BCAE0}.Release|iPhone.Deploy.0 = Release|iPhone
		{7D272264-D62E-4A9E-9D9E-74103E0BCAE0}.Release|iPhoneSimulator.ActiveCfg = Release|iPhoneSimulator
		{7D272264-D62E-4A9E-9D9E-74103E0BCAE0}.Release|iPhoneSimulator.Build.0 = Release|iPhoneSimulator
		{7D272264-D62E-4A9E-9D9E-74103E0BCAE0}.Release|iPhoneSimulator.Deploy.0 = Release|iPhoneSimulator
		{603D0E19-4E08-43CE-8518-8B2F6009D821}.Debug|Any CPU.ActiveCfg = Debug|Any CPU
		{603D0E19-4E08-43CE-8518-8B2F6009D821}.Debug|Any CPU.Build.0 = Debug|Any CPU
		{603D0E19-4E08-43CE-8518-8B2F6009D821}.Debug|Any CPU.Deploy.0 = Debug|Any CPU
		{603D0E19-4E08-43CE-8518-8B2F6009D821}.Debug|iPhone.ActiveCfg = Debug|Any CPU
		{603D0E19-4E08-43CE-8518-8B2F6009D821}.Debug|iPhone.Build.0 = Debug|Any CPU
		{603D0E19-4E08-43CE-8518-8B2F6009D821}.Debug|iPhone.Deploy.0 = Debug|Any CPU
		{603D0E19-4E08-43CE-8518-8B2F6009D821}.Debug|iPhoneSimulator.ActiveCfg = Debug|Any CPU
		{603D0E19-4E08-43CE-8518-8B2F6009D821}.Debug|iPhoneSimulator.Build.0 = Debug|Any CPU
		{603D0E19-4E08-43CE-8518-8B2F6009D821}.Debug|iPhoneSimulator.Deploy.0 = Debug|Any CPU
		{603D0E19-4E08-43CE-8518-8B2F6009D821}.Release|Any CPU.ActiveCfg = Release|Any CPU
		{603D0E19-4E08-43CE-8518-8B2F6009D821}.Release|Any CPU.Build.0 = Release|Any CPU
		{603D0E19-4E08-43CE-8518-8B2F6009D821}.Release|Any CPU.Deploy.0 = Release|Any CPU
		{603D0E19-4E08-43CE-8518-8B2F6009D821}.Release|iPhone.ActiveCfg = Release|Any CPU
		{603D0E19-4E08-43CE-8518-8B2F6009D821}.Release|iPhone.Build.0 = Release|Any CPU
		{603D0E19-4E08-43CE-8518-8B2F6009D821}.Release|iPhone.Deploy.0 = Release|Any CPU
		{603D0E19-4E08-43CE-8518-8B2F6009D821}.Release|iPhoneSimulator.ActiveCfg = Release|Any CPU
		{603D0E19-4E08-43CE-8518-8B2F6009D821}.Release|iPhoneSimulator.Build.0 = Release|Any CPU
		{603D0E19-4E08-43CE-8518-8B2F6009D821}.Release|iPhoneSimulator.Deploy.0 = Release|Any CPU
	EndGlobalSection
	GlobalSection(SolutionProperties) = preSolution
		HideSolutionNode = FALSE
	EndGlobalSection
	GlobalSection(ExtensibilityGlobals) = postSolution
		SolutionGuid = {79DDCEF6-63B0-455B-9419-0EBCA2763711}
	EndGlobalSection
EndGlobal
